
Microsoft Visual Studio Solution File, Format Version 12.00
# Visual Studio Version 17
VisualStudioVersion = 17.2.32602.215
MinimumVisualStudioVersion = 10.0.40219.1
Project("{FAE04EC0-301F-11D3-BF4B-00C04F79EFBC}") = "Todolist", "Todolist\Todolist.csproj", "{BC7E14F3-61B1-402B-89DA-1D52C989F897}"
EndProject
Global
	GlobalSection(SolutionConfigurationPlatforms) = preSolution
		Debug|Any CPU = Debug|Any CPU
		Release|Any CPU = Release|Any CPU
	EndGlobalSection
	GlobalSection(ProjectConfigurationPlatforms) = postSolution
		{BC7E14F3-61B1-402B-89DA-1D52C989F897}.Debug|Any CPU.ActiveCfg = Debug|Any CPU
		{BC7E14F3-61B1-402B-89DA-1D52C989F897}.Debug|Any CPU.Build.0 = Debug|Any CPU
		{BC7E14F3-61B1-402B-89DA-1D52C989F897}.Release|Any CPU.ActiveCfg = Release|Any CPU
		{BC7E14F3-61B1-402B-89DA-1D52C989F897}.Release|Any CPU.Build.0 = Release|Any CPU
	EndGlobalSection
	GlobalSection(SolutionProperties) = preSolution
		HideSolutionNode = FALSE
	EndGlobalSection
	GlobalSection(ExtensibilityGlobals) = postSolution
		SolutionGuid = {CF041142-F923-44DD-9FC8-65922F0B3B6A}
	EndGlobalSection
EndGlobal
