
Microsoft Visual Studio Solution File, Format Version 12.00
# Visual Studio Version 17
VisualStudioVersion = 17.2.32602.215
MinimumVisualStudioVersion = 10.0.40219.1
Project("{9A19103F-16F7-4668-BE54-9A1E7A4F7556}") = "Api", "src\Api\Api.csproj", "{EC2F264A-207C-40C3-AD2F-626702F65478}"
EndProject
Project("{9A19103F-16F7-4668-BE54-9A1E7A4F7556}") = "Domain", "src\Domain\Domain.csproj", "{12C7539B-7EA1-442A-8E4B-2AB8371B1081}"
EndProject
Project("{9A19103F-16F7-4668-BE54-9A1E7A4F7556}") = "Application", "src\Application\Application.csproj", "{78D1B041-FF2F-4DEC-9812-10A8C3FAB8CE}"
EndProject
Project("{9A19103F-16F7-4668-BE54-9A1E7A4F7556}") = "Infrastructure", "src\Infrastructure\Infrastructure.csproj", "{996B4637-D9CD-4005-9D01-8EF321B05E75}"
EndProject
Global
	GlobalSection(SolutionConfigurationPlatforms) = preSolution
		Debug|Any CPU = Debug|Any CPU
		Release|Any CPU = Release|Any CPU
	EndGlobalSection
	GlobalSection(ProjectConfigurationPlatforms) = postSolution
		{EC2F264A-207C-40C3-AD2F-626702F65478}.Debug|Any CPU.ActiveCfg = Debug|Any CPU
		{EC2F264A-207C-40C3-AD2F-626702F65478}.Debug|Any CPU.Build.0 = Debug|Any CPU
		{EC2F264A-207C-40C3-AD2F-626702F65478}.Release|Any CPU.ActiveCfg = Release|Any CPU
		{EC2F264A-207C-40C3-AD2F-626702F65478}.Release|Any CPU.Build.0 = Release|Any CPU
		{12C7539B-7EA1-442A-8E4B-2AB8371B1081}.Debug|Any CPU.ActiveCfg = Debug|Any CPU
		{12C7539B-7EA1-442A-8E4B-2AB8371B1081}.Debug|Any CPU.Build.0 = Debug|Any CPU
		{12C7539B-7EA1-442A-8E4B-2AB8371B1081}.Release|Any CPU.ActiveCfg = Release|Any CPU
		{12C7539B-7EA1-442A-8E4B-2AB8371B1081}.Release|Any CPU.Build.0 = Release|Any CPU
		{78D1B041-FF2F-4DEC-9812-10A8C3FAB8CE}.Debug|Any CPU.ActiveCfg = Debug|Any CPU
		{78D1B041-FF2F-4DEC-9812-10A8C3FAB8CE}.Debug|Any CPU.Build.0 = Debug|Any CPU
		{78D1B041-FF2F-4DEC-9812-10A8C3FAB8CE}.Release|Any CPU.ActiveCfg = Release|Any CPU
		{78D1B041-FF2F-4DEC-9812-10A8C3FAB8CE}.Release|Any CPU.Build.0 = Release|Any CPU
		{996B4637-D9CD-4005-9D01-8EF321B05E75}.Debug|Any CPU.ActiveCfg = Debug|Any CPU
		{996B4637-D9CD-4005-9D01-8EF321B05E75}.Debug|Any CPU.Build.0 = Debug|Any CPU
		{996B4637-D9CD-4005-9D01-8EF321B05E75}.Release|Any CPU.ActiveCfg = Release|Any CPU
		{996B4637-D9CD-4005-9D01-8EF321B05E75}.Release|Any CPU.Build.0 = Release|Any CPU
	EndGlobalSection
	GlobalSection(SolutionProperties) = preSolution
		HideSolutionNode = FALSE
	EndGlobalSection
	GlobalSection(ExtensibilityGlobals) = postSolution
		SolutionGuid = {CF041142-F923-44DD-9FC8-65922F0B3B6A}
	EndGlobalSection
EndGlobal
